
Microsoft Visual Studio Solution File, Format Version 12.00
# Visual Studio Version 17
VisualStudioVersion = 17.0.31903.59
MinimumVisualStudioVersion = 10.0.40219.1
Project("{2150E333-8FDC-42A3-9474-1A3956D46DE8}") = "src", "src", "{E5D4FB66-A1DB-4949-8D55-3CB9AB5B2166}"
EndProject
Project("{FAE04EC0-301F-11D3-BF4B-00C04F79EFBC}") = "AuctionService", "src\AuctionService\AuctionService.csproj", "{448DAC3F-57D9-4751-91DB-07004E80C867}"
EndProject
Project("{FAE04EC0-301F-11D3-BF4B-00C04F79EFBC}") = "SearchService", "src\SearchService\SearchService.csproj", "{12C6492F-7B04-40B5-88C9-F249481DBEA9}"
EndProject
Project("{FAE04EC0-301F-11D3-BF4B-00C04F79EFBC}") = "Contracts", "src\Contracts\Contracts.csproj", "{D8F2D615-5AB5-4D49-9685-5F8682270E09}"
EndProject
Project("{FAE04EC0-301F-11D3-BF4B-00C04F79EFBC}") = "IdentityService", "src\IdentityService\IdentityService.csproj", "{EB23C949-A4BF-4E0F-BF13-6E7763052488}"
EndProject
Project("{FAE04EC0-301F-11D3-BF4B-00C04F79EFBC}") = "GatewayService", "src\GatewayService\GatewayService.csproj", "{F55E2E14-3829-4EDC-B8AC-8711E231EC82}"
EndProject
Global
	GlobalSection(SolutionConfigurationPlatforms) = preSolution
		Debug|Any CPU = Debug|Any CPU
		Release|Any CPU = Release|Any CPU
	EndGlobalSection
	GlobalSection(SolutionProperties) = preSolution
		HideSolutionNode = FALSE
	EndGlobalSection
	GlobalSection(ProjectConfigurationPlatforms) = postSolution
		{448DAC3F-57D9-4751-91DB-07004E80C867}.Debug|Any CPU.ActiveCfg = Debug|Any CPU
		{448DAC3F-57D9-4751-91DB-07004E80C867}.Debug|Any CPU.Build.0 = Debug|Any CPU
		{448DAC3F-57D9-4751-91DB-07004E80C867}.Release|Any CPU.ActiveCfg = Release|Any CPU
		{448DAC3F-57D9-4751-91DB-07004E80C867}.Release|Any CPU.Build.0 = Release|Any CPU
		{12C6492F-7B04-40B5-88C9-F249481DBEA9}.Debug|Any CPU.ActiveCfg = Debug|Any CPU
		{12C6492F-7B04-40B5-88C9-F249481DBEA9}.Debug|Any CPU.Build.0 = Debug|Any CPU
		{12C6492F-7B04-40B5-88C9-F249481DBEA9}.Release|Any CPU.ActiveCfg = Release|Any CPU
		{12C6492F-7B04-40B5-88C9-F249481DBEA9}.Release|Any CPU.Build.0 = Release|Any CPU
		{D8F2D615-5AB5-4D49-9685-5F8682270E09}.Debug|Any CPU.ActiveCfg = Debug|Any CPU
		{D8F2D615-5AB5-4D49-9685-5F8682270E09}.Debug|Any CPU.Build.0 = Debug|Any CPU
		{D8F2D615-5AB5-4D49-9685-5F8682270E09}.Release|Any CPU.ActiveCfg = Release|Any CPU
		{D8F2D615-5AB5-4D49-9685-5F8682270E09}.Release|Any CPU.Build.0 = Release|Any CPU
		{EB23C949-A4BF-4E0F-BF13-6E7763052488}.Debug|Any CPU.ActiveCfg = Debug|Any CPU
		{EB23C949-A4BF-4E0F-BF13-6E7763052488}.Debug|Any CPU.Build.0 = Debug|Any CPU
		{EB23C949-A4BF-4E0F-BF13-6E7763052488}.Release|Any CPU.ActiveCfg = Release|Any CPU
		{EB23C949-A4BF-4E0F-BF13-6E7763052488}.Release|Any CPU.Build.0 = Release|Any CPU
		{F55E2E14-3829-4EDC-B8AC-8711E231EC82}.Debug|Any CPU.ActiveCfg = Debug|Any CPU
		{F55E2E14-3829-4EDC-B8AC-8711E231EC82}.Debug|Any CPU.Build.0 = Debug|Any CPU
		{F55E2E14-3829-4EDC-B8AC-8711E231EC82}.Release|Any CPU.ActiveCfg = Release|Any CPU
		{F55E2E14-3829-4EDC-B8AC-8711E231EC82}.Release|Any CPU.Build.0 = Release|Any CPU
	EndGlobalSection
	GlobalSection(NestedProjects) = preSolution
		{448DAC3F-57D9-4751-91DB-07004E80C867} = {E5D4FB66-A1DB-4949-8D55-3CB9AB5B2166}
		{12C6492F-7B04-40B5-88C9-F249481DBEA9} = {E5D4FB66-A1DB-4949-8D55-3CB9AB5B2166}
		{D8F2D615-5AB5-4D49-9685-5F8682270E09} = {E5D4FB66-A1DB-4949-8D55-3CB9AB5B2166}
		{EB23C949-A4BF-4E0F-BF13-6E7763052488} = {E5D4FB66-A1DB-4949-8D55-3CB9AB5B2166}
		{F55E2E14-3829-4EDC-B8AC-8711E231EC82} = {E5D4FB66-A1DB-4949-8D55-3CB9AB5B2166}
	EndGlobalSection
EndGlobal
